{
  "schema_version": 2,
  "generated_at": "2026-04-20T04:12:20.887075606Z",
  "bundles": {
    "ext:apcu:5.1.28:8.4:linux:x86_64:nts": {
      "digest": "sha256:79b98d08bb7784b7ff18133178e36398a6cb4839651d9bc4bab8b8ddceeee148",
      "spec_hash": "sha256:2fe854503b7ef8d15d2bee69571b92aa1346b8bd41123a4dea5b636ff8d4aaf0"
    },
    "ext:pcov:1.0.12:8.4:linux:x86_64:nts": {
      "digest": "sha256:64fb42d20ab5c0d9edca5dec95693bb12ccf5f348bbadd0151355cce66d2bd59",
      "spec_hash": "sha256:20ad49afe23f3582a89e278b4459855dc62bd14ab82c801c3a988ad6b1c4052e"
    },
    "ext:redis:6.2.0:8.4:linux:x86_64:nts": {
      "digest": "sha256:e0921b1e28147a38dc5963f433bc16e4892e9c09b8ef9aef395cae90860781dc",
      "spec_hash": "sha256:32330ebc5b6522350a725b72c5d2a6ac9f92b10937735511fbd42a7dcf9e2fc3"
    },
    "ext:xdebug:3.5.1:8.4:linux:x86_64:nts": {
      "digest": "sha256:9772a42b1a8e99e8346f52746df2718c199ae17068ab4fc323cd2a7cf8138a12",
      "spec_hash": "sha256:a55aca0ae79b458073d0b9b5b19ae59267b2f7309f491f081352417b95488fe6"
    },
    "php:8.4:linux:x86_64:nts": {
      "digest": "sha256:8c98530b8ef17642d37fdc9e1a530598c43c7cd22e272c68ab2981e76ff6672b",
      "spec_hash": "sha256:82be8ba010cc1c75b3673e5ab5b2c05f24d35179c129cb5f0eb43f727d9644ce"
    }
  }
}
