{
  "schema_version": 2,
  "generated_at": "2026-04-22T18:33:47.67110231Z",
  "bundles": {
    "ext:amqp:2.2.0:8.1:linux:aarch64:nts": {
      "digest": "sha256:686d1bb3e8cd97e8c75b6f4af6ea1ca88729d3bcae802f5636f0708b7c718032",
      "spec_hash": "sha256:cf9e0d2b32aa5f97ece3481015b42e4ccb3f484e17f3699551347ad254d714a8"
    },
    "ext:amqp:2.2.0:8.1:linux:x86_64:nts": {
      "digest": "sha256:03f11be3948dda46443242a0de72391f453581ba1971bd3858c5a02683f3b075",
      "spec_hash": "sha256:287a1f2b395a7d8ae6e0be0772141a85381c4e6a2fc47242471a78e95be20019"
    },
    "ext:amqp:2.2.0:8.2:linux:aarch64:nts": {
      "digest": "sha256:fc5039b2647b464c722c40a7d69e37dcf68c04b392e23aac209ace164438a682",
      "spec_hash": "sha256:b235ab810d48725e9bc955a99eddd3821c67897b7345a915648f6e9222e6bad4"
    },
    "ext:amqp:2.2.0:8.2:linux:x86_64:nts": {
      "digest": "sha256:ac281cca86d65e46537e7008ba9863e479a1c8076b66d3a4d500d912b367d5ed",
      "spec_hash": "sha256:00361adb1d1f0a8bf46440daab2544d61a0d8a0772703ab61757bc7dd657528e"
    },
    "ext:amqp:2.2.0:8.3:linux:aarch64:nts": {
      "digest": "sha256:6d888889338c9093298ee848ee9422ece8e9695c096275fd376629300a00b169",
      "spec_hash": "sha256:0d8c65dc977a9b444895eaffa1d3cf94136efbd6cbe4de72f01fc66872cf25d4"
    },
    "ext:amqp:2.2.0:8.3:linux:x86_64:nts": {
      "digest": "sha256:9e2ca92c90803a05ab93792cc13b25dd3c69bf2bee1d41912b44fa87f9b537fe",
      "spec_hash": "sha256:098271ec0210350b122d55147f61a1ef7ce142d5457910819de712b7799fc514"
    },
    "ext:amqp:2.2.0:8.4:linux:aarch64:nts": {
      "digest": "sha256:f177049aa645e9edf021355a7bcf4d2bb3b02b03badc4d6b5bde4af52135a337",
      "spec_hash": "sha256:500ce68ed4dac3c82965972e12a2dc109b0ed3714e51ff6f847f22c6c2fd2719"
    },
    "ext:amqp:2.2.0:8.4:linux:x86_64:nts": {
      "digest": "sha256:690b45489f12d5098b95f636f0fd3131a91dafd5b204e33afba6ad74e533300d",
      "spec_hash": "sha256:2f0b82739c3324eb1f48c7b31d4b90e2a4c74eac093d596230c08e9b013c1e47"
    },
    "ext:amqp:2.2.0:8.5:linux:aarch64:nts": {
      "digest": "sha256:109cb2ac58d08c9d11c365e5fa45ac31f19e9f291c3c6a8e825b38e932efa36b",
      "spec_hash": "sha256:b259cd25453a53ddaf2d1f791e1994e47dc448cdb08f9656de972d295f7f65f7"
    },
    "ext:amqp:2.2.0:8.5:linux:x86_64:nts": {
      "digest": "sha256:739060f95da83e5279c4c69bcb7fec3f04951b0947623ca94898c81456425324",
      "spec_hash": "sha256:916a84e3e54e691200a856d06e9c4fa61058b1c9085cafd29a55d52a6752ba9d"
    },
    "ext:apcu:5.1.28:8.1:linux:aarch64:nts": {
      "digest": "sha256:cf436b22c82f7b030047fb7070f9683a5709a4df639f93b1f6f95a86079adfca",
      "spec_hash": "sha256:8adc85dc764272b0eb69a5e837ccf193267d19b4b853a4583f763be46584d44c"
    },
    "ext:apcu:5.1.28:8.1:linux:x86_64:nts": {
      "digest": "sha256:ec7bfaa8d0cd71815d93aa023db8b781c4537e4ecdf3585002a23e4337a2e754",
      "spec_hash": "sha256:fbaf3dd2b41689573b9274bb2b4b08b6a03cf09a7eb5033730ef308452fa6686"
    },
    "ext:apcu:5.1.28:8.2:linux:aarch64:nts": {
      "digest": "sha256:5f3cef0ba0300dc1f72ae9b02d024fae7d1fc8296cf36888cf26414f72d44e32",
      "spec_hash": "sha256:08468a638ef8f7fcefaf82537dcdd14dbc4de3ab7cc8119316cb3b138c58d2d9"
    },
    "ext:apcu:5.1.28:8.2:linux:x86_64:nts": {
      "digest": "sha256:40aba869540615160de6ba1654cf957d210b1c912cdd51c4203c5e032ed3c71e",
      "spec_hash": "sha256:64e21f9b087d1c0af87b2ee442d0d8ab9709309b51fa18fc8a11438e31d5f2dc"
    },
    "ext:apcu:5.1.28:8.3:linux:aarch64:nts": {
      "digest": "sha256:424d1fb381403ad9df6a1f96a99360917b95a5ae5947e2aece7f2688441a7a19",
      "spec_hash": "sha256:15ab27076084ef6f412f83c858cc50f80ce0b8fdfd2d25a3b394e5518c0bfbcb"
    },
    "ext:apcu:5.1.28:8.3:linux:x86_64:nts": {
      "digest": "sha256:a1b7aa4c4fae77cb1629d0bed69fb2e657e6da777e3dca23de042bb2bbee5644",
      "spec_hash": "sha256:af39f475a5d2cd17664ceaa773f2c32d52f64e7150590a1352c8e541b1be3d25"
    },
    "ext:apcu:5.1.28:8.4:linux:aarch64:nts": {
      "digest": "sha256:953e454b4404f70ac31c5be5e85899287072d87b8fa179902ffc3516d3c1b216",
      "spec_hash": "sha256:f660bce355abad383369cf37fdca06b41bb0a159a04da0fd834ffa9f1b603170"
    },
    "ext:apcu:5.1.28:8.4:linux:x86_64:nts": {
      "digest": "sha256:1b99a6194baf9d52768fde4321af2857520ff7ca45c320dd33f1d2f8b4869641",
      "spec_hash": "sha256:bfb3ae5a6c8869a5b10adc7ecb0abe06031e606639464c177f84d52e056a5316"
    },
    "ext:apcu:5.1.28:8.5:linux:aarch64:nts": {
      "digest": "sha256:4ea377e706106ffa22dcf35066be01919461035bbf86cd302e7b546e4c302f48",
      "spec_hash": "sha256:30e62334f1c82fd0218142218505a690e0a12841961425baf36d390cb49b5622"
    },
    "ext:apcu:5.1.28:8.5:linux:x86_64:nts": {
      "digest": "sha256:654a54f6df33b693073469b2c665af699e56316ff58f6e578dcfe68fc4e411cc",
      "spec_hash": "sha256:25d420d927f31fa7e736477b03ff25df10103b646c0bfdad9dc17da9d5dc0d44"
    },
    "ext:event:3.1.4:8.1:linux:aarch64:nts": {
      "digest": "sha256:c4ba0cc5af1850e0561d6997e6a3dcedbd44463db7eb0abe1e64f4d2cd0df79e",
      "spec_hash": "sha256:b3dc01ee996fe019403115192fe093c79c35835a97d14ca2285d19e507c252e1"
    },
    "ext:event:3.1.4:8.1:linux:x86_64:nts": {
      "digest": "sha256:014e949c418e7c88ec67e2ef29e5c1d36ea866a4ef480b3fc0cee1df14c5113d",
      "spec_hash": "sha256:051b48a24686712f847cac947e2b5eedbd0580ab44355eae8a4bda47050311e8"
    },
    "ext:event:3.1.4:8.2:linux:aarch64:nts": {
      "digest": "sha256:484099c8102abdc7f9620cfa50e5ce78a5ed2ebc7a5056d902df682f92a38bb9",
      "spec_hash": "sha256:57fc7dd93f378e5b9544ff6213199b5ba2ee211f428e031d816f89e8e63f13e5"
    },
    "ext:event:3.1.4:8.2:linux:x86_64:nts": {
      "digest": "sha256:e44741487f10ef2d0def8c941ddc798017307393096144042156d0735f64f372",
      "spec_hash": "sha256:f51ba5c3d1c2815c1f876ec042c87e63fd301ca96abb94fbe5893fee45f38d35"
    },
    "ext:event:3.1.4:8.3:linux:aarch64:nts": {
      "digest": "sha256:99d339eef8107d4dc7c8a99c8d4208e33a9dd99d2ff15e74c171477bb84dccee",
      "spec_hash": "sha256:d1fe802c66ad55e22ec9d4bfbbf515cb01f68182b1c854c199145392f167cf32"
    },
    "ext:event:3.1.4:8.3:linux:x86_64:nts": {
      "digest": "sha256:9b91c3f4e498848821ed5ae87c42230684cd738066e8176892c11650971eae68",
      "spec_hash": "sha256:69012d54a6822b87e2d5acceaaf766ccf0d406cba7c185d4c32365422b222de3"
    },
    "ext:event:3.1.4:8.4:linux:aarch64:nts": {
      "digest": "sha256:0807c0e188f721ece53bec964567b35c88a8605d55f79f3320ce770b66f1afb2",
      "spec_hash": "sha256:ac53fc3f8cf7a70de4c2f142aaaa1f0510915b397d4f6cb42340db4ea25cf11b"
    },
    "ext:event:3.1.4:8.4:linux:x86_64:nts": {
      "digest": "sha256:c6ea135ccd16850fa73938f6d353ef568ad941b8cc9db0a899a5412b1d55a0c5",
      "spec_hash": "sha256:25094fa02ce5d8bc9f33817adb3132f9a0715f966ec09a7a24b3eb6cfdfc6f85"
    },
    "ext:event:3.1.4:8.5:linux:aarch64:nts": {
      "digest": "sha256:d652f6dce3426e405f9f30540bfeb6ddc6ed46190a506c5aa270818c550cc68e",
      "spec_hash": "sha256:e14f2dd5a98f92adf85ab470525ac2ff422117bef4482218defb9644068d86e8"
    },
    "ext:event:3.1.4:8.5:linux:x86_64:nts": {
      "digest": "sha256:cad0b1fe0935b90bfc82449a1a6aef9fe7532f437c206d286e5d5e8635a4cd98",
      "spec_hash": "sha256:e666771dad982689e98d5a0642ca64ea07885f3e32bbb2f32ebdf01507e24ec5"
    },
    "ext:grpc:1.80.0:8.1:linux:aarch64:nts": {
      "digest": "sha256:7214fed663c24bcce865ebb034fe338fa3550172de457a477e590c9b5244e08f",
      "spec_hash": "sha256:e97b31a809a2eed57812ddc6690803ef2f86821c58004f07636fc5e427af0c53"
    },
    "ext:grpc:1.80.0:8.1:linux:x86_64:nts": {
      "digest": "sha256:d4ec585f6090d3e1d7449f320fb3e087536b4784bb21705054cc02de3152a769",
      "spec_hash": "sha256:6a5c2ef4af628330c7d76aeb4c9ed86976a2da049476763598d9c8ea4a296543"
    },
    "ext:grpc:1.80.0:8.2:linux:aarch64:nts": {
      "digest": "sha256:544ecd720782d5ba5dfadd90faeebf6e8d26ffc171b3679f8123e6a8e1f50837",
      "spec_hash": "sha256:84d9b21e499c4418db51deb1a4023366cc806b7772060b0d6d68aa2d8b588cbd"
    },
    "ext:grpc:1.80.0:8.2:linux:x86_64:nts": {
      "digest": "sha256:dd2fc766e2903ebd29046911dfd772470a86167fb064b08133296c47da82737e",
      "spec_hash": "sha256:6fcc2a3845b238113c43ff5a3461d43078dc97d2571d376205261e49760dff43"
    },
    "ext:grpc:1.80.0:8.3:linux:aarch64:nts": {
      "digest": "sha256:3d36b8639d40865e9d2ed77c708b25a001ddf972d6448fb50330a08ab55b4d2c",
      "spec_hash": "sha256:9c211a84c80c4071e1ab03f43a64a84dd08340d0cca87da67c5cfe5073e22794"
    },
    "ext:grpc:1.80.0:8.3:linux:x86_64:nts": {
      "digest": "sha256:4f1f1c957a39f8612e377d9bbf495f7d247f42af81bc1da6a92d9b5a393eba11",
      "spec_hash": "sha256:49bf40b249de75908d294c3db3599a052d90ed574e67c3d699cb69a5b816db2f"
    },
    "ext:grpc:1.80.0:8.4:linux:aarch64:nts": {
      "digest": "sha256:721220fed90a45e1852b7f9f8bee5e2446fbfef73c69a29d33952e5f9fa46a45",
      "spec_hash": "sha256:9444ae9547c4766934c1bc4a7c84a22de03b161801db3ff5561a3cb97e376b0e"
    },
    "ext:grpc:1.80.0:8.4:linux:x86_64:nts": {
      "digest": "sha256:d31261bde1bdb838a6da51fdf70ab4f147949e31979c349c783164b95208b861",
      "spec_hash": "sha256:fc316c632a9b98690e1dcb3551e24baaee435456bcc7b1f994022e8321978c5b"
    },
    "ext:grpc:1.80.0:8.5:linux:aarch64:nts": {
      "digest": "sha256:20229d3ea1fd1494e7361c35b57483c0a1e6009b87d0e45ee692d72d88b50e53",
      "spec_hash": "sha256:db6ca1d6de369433d0d6afea3b6ac886bf2b0fa1fe710ef7be4bc53e8768545d"
    },
    "ext:grpc:1.80.0:8.5:linux:x86_64:nts": {
      "digest": "sha256:c080b614f6234e29cae2c5877c08d0d77f6ab31a5159b75fea5a7c6e4d0a73e6",
      "spec_hash": "sha256:d4be812ac3ad01e91075a7b79d63ded454cd96d33992f9fd25b3c403d347d460"
    },
    "ext:igbinary:3.2.16:8.1:linux:aarch64:nts": {
      "digest": "sha256:40030c416c6b9ee2a8c46d790a343df3e7ee626c5e080a98370ca914b731f2de",
      "spec_hash": "sha256:fa737a44ed843565b60dc7b320fe58a9b7439ce371d0807b0adfa071aafc83a2"
    },
    "ext:igbinary:3.2.16:8.1:linux:x86_64:nts": {
      "digest": "sha256:6d156e5b1c335e75c53ea42aef36e0ad4187f974c19346826caeaee7ce34d0ae",
      "spec_hash": "sha256:4f46fbd1d64484f0414cf704ad160d5cce009b54c93e2652e08b9f1b604a0da7"
    },
    "ext:igbinary:3.2.16:8.2:linux:aarch64:nts": {
      "digest": "sha256:d0f823b13a4dfc5242ba7b8349d3a12369f74a928faac53aa1afa7f97b0e2348",
      "spec_hash": "sha256:59f9c518e076d0df2d89b44522d0182aeba459b9de957da9a649754887c28ece"
    },
    "ext:igbinary:3.2.16:8.2:linux:x86_64:nts": {
      "digest": "sha256:1f24fa2d96cbe214ae1fe70e3e901fe8e757bc5c7b8dca9fe6112db5c856c7e8",
      "spec_hash": "sha256:696a1f06f23706dca0e60347e4bcb40ec93feb309161c19cea203a0b83fb54b2"
    },
    "ext:igbinary:3.2.16:8.3:linux:aarch64:nts": {
      "digest": "sha256:85156f78a278d349b1f476a6a784fa35b236332b2ce6e1840565d71c938f2243",
      "spec_hash": "sha256:02a8c90856f09dc1360250115ce27b1491225556cf5480a0c445d2b16e21e79b"
    },
    "ext:igbinary:3.2.16:8.3:linux:x86_64:nts": {
      "digest": "sha256:2ff860339ec96057c623ffc5ab70671da80b6fc1f05407765b22ead876ff6885",
      "spec_hash": "sha256:d599e024589134a3fb2659950d0e6db66e0721ea09c51c31b44000509f9713f2"
    },
    "ext:igbinary:3.2.16:8.4:linux:aarch64:nts": {
      "digest": "sha256:3d1c5bcf9da7198accba813b392d4142a80f1aa76e427a856e915994860744d9",
      "spec_hash": "sha256:f403902a7c53e40e8ff56bc0297737bc62390c9a97eff2c4b3e7f09574d7f1f5"
    },
    "ext:igbinary:3.2.16:8.4:linux:x86_64:nts": {
      "digest": "sha256:ed317d60850ef73e45faefe35a378c3e6b2fa4ea852c2d5b9c716e12d7685454",
      "spec_hash": "sha256:f89b1bb66a479d1f63f603d58549d08e7a5985d7178a96035621bcbff725714b"
    },
    "ext:imagick:3.8.1:8.1:linux:aarch64:nts": {
      "digest": "sha256:e054429cdd478a2b7761487abb93137d894ad62bf74ee7f653a2ce16c7c2b076",
      "spec_hash": "sha256:cb711f1ae61b0ce77b16ef238bda7a146b7cd1050e7804d3af1ba5dc96b336eb"
    },
    "ext:imagick:3.8.1:8.1:linux:x86_64:nts": {
      "digest": "sha256:ed3d51c32eb91921579687d6318940dc0e94c5526e525b7dd47d6ae41a6bd9a0",
      "spec_hash": "sha256:672eadcdef3ec771c15c97faa7410a3c198363f95363ad00b847691684dafc7a"
    },
    "ext:imagick:3.8.1:8.2:linux:aarch64:nts": {
      "digest": "sha256:f8be661efd57473fcae01f68d37d4c9c7c9a0bbec0539418f07155ad3971a13e",
      "spec_hash": "sha256:e4e43fc47d459ebed2699a416dbebf7ac50e2c1046ca4bdd95ac71e3cf0b11e1"
    },
    "ext:imagick:3.8.1:8.2:linux:x86_64:nts": {
      "digest": "sha256:a8790725a030a08f14017342d9fa9672507d5243f6cbf6eacc1932afe736ec98",
      "spec_hash": "sha256:8a6d4c6aca1b0aa33613a7b09beaee7c054220d0fb6c684a37268625c6a4977f"
    },
    "ext:imagick:3.8.1:8.3:linux:aarch64:nts": {
      "digest": "sha256:8d9cfa22b103a0e77b48acddff62c625f48f290c6517fbb66a59bff45538beae",
      "spec_hash": "sha256:fbfcfbfa489e3a7398e9f3e90925bd399773cc0d0c6c3e8a82299365eb3265fb"
    },
    "ext:imagick:3.8.1:8.3:linux:x86_64:nts": {
      "digest": "sha256:d1bea17a1aef21cde7dea13354ef2e349611144c5e9bcad3b0348a7701e7ce1d",
      "spec_hash": "sha256:09e7a91be70d679974881d3fd4196ebe32a6e9a48ea728cd67467c5c38233da7"
    },
    "ext:imagick:3.8.1:8.4:linux:aarch64:nts": {
      "digest": "sha256:df8e9aec9b32435c3d9dca15b89ee3e03ea68fa4e55e487cf31751001dbe3edb",
      "spec_hash": "sha256:397d9ef98fef280d4335de57382c28990ece13a777e28edd9b7ce95e5d889025"
    },
    "ext:imagick:3.8.1:8.4:linux:x86_64:nts": {
      "digest": "sha256:460d132d05a4068cfcb68b64ca59f88b25f722a2ce59d60eb88fd045cf5436ef",
      "spec_hash": "sha256:bd248756f46f5336baeaed76f1fdcf66ae60a892947e0bf2ea9f901094f15815"
    },
    "ext:imagick:3.8.1:8.5:linux:aarch64:nts": {
      "digest": "sha256:1f1319057ae675494886a6b64de0e0c98e649738e1aeb8cd33d69007d98fea7f",
      "spec_hash": "sha256:4f046cbf2cc2a11b9fe9a749b6fa454c6c53eb8fede3d7535a8fc7b17831033b"
    },
    "ext:imagick:3.8.1:8.5:linux:x86_64:nts": {
      "digest": "sha256:f5ed40268e09a1387c83323dacd08cfaa3017dc6f137b1485409145aee67b74c",
      "spec_hash": "sha256:2cc32de60149dfd3e4f9579046cb325487f62575d1cd6dcf1e8243a155561723"
    },
    "ext:memcached:3.4.0:8.1:linux:aarch64:nts": {
      "digest": "sha256:de9ac0066b183d2da3e6628d512663105585eb5813d2eef024e05f99aac1788a",
      "spec_hash": "sha256:e65be9574258f95b6a3ec14390f0e46321700287df7d8b5b547a7c1fb10a9238"
    },
    "ext:memcached:3.4.0:8.1:linux:x86_64:nts": {
      "digest": "sha256:f79f111431dd39d94d6e8983a55458439219fbd17febc173ffb86b5858c5821b",
      "spec_hash": "sha256:5f6b474d12f29e1b6e11986fc003188f6e75705dd780ab4397c62d1fd6ebcebb"
    },
    "ext:memcached:3.4.0:8.2:linux:aarch64:nts": {
      "digest": "sha256:411fb2191ed995b3af9780a7176b19b9b75c0641c90b6ae3411713b7c0f160dd",
      "spec_hash": "sha256:b68ddba62fd898d837774d89015f99810e73393b05730c8e0b3345c52c4df748"
    },
    "ext:memcached:3.4.0:8.2:linux:x86_64:nts": {
      "digest": "sha256:893fce494fc22a705f784526ed47c318119b37a00b74cfe9ae0cc784ab158705",
      "spec_hash": "sha256:40f0601a8378d3c757e859a7bcee546f95dec59564887767439b30760501a671"
    },
    "ext:memcached:3.4.0:8.3:linux:aarch64:nts": {
      "digest": "sha256:dc5937dfce73161d8774a837f908b306960f01ea66d2dc3c7c1927bc7757eb1a",
      "spec_hash": "sha256:f58860abbe3eaaa46237e7283285e3e648a365b69c60d842ce3dcdf5706c9ff9"
    },
    "ext:memcached:3.4.0:8.3:linux:x86_64:nts": {
      "digest": "sha256:3781a877c8bc93f9ab027485cabf5010e6fb02eb6741167a9c11db322cb18f4c",
      "spec_hash": "sha256:193b3c370a25f8585fdc25c14c4196a5bb93d8fa04c2b3ab3be9a39d646ec508"
    },
    "ext:memcached:3.4.0:8.4:linux:aarch64:nts": {
      "digest": "sha256:ace6777845bffd24ed62845faab59e3fa414202e21ea543e37dcd79ebf86df37",
      "spec_hash": "sha256:6db8f3c66b82fbc1234aac84a9d0d58a8afc9c27b97f4db5850b14a9c78c3add"
    },
    "ext:memcached:3.4.0:8.4:linux:x86_64:nts": {
      "digest": "sha256:23b94784f4f8d23af709c3c87e72b59f4ad0043610d24a30c483af19e47d244a",
      "spec_hash": "sha256:f5caecf257d08343121a906aaef993e16577e82d66986ac7572f61c64da6f8c9"
    },
    "ext:memcached:3.4.0:8.5:linux:aarch64:nts": {
      "digest": "sha256:67423b85e3a62c3c8d0e2d992d5cbfef4b61953e3e8c6c11cbf6254f3f57844f",
      "spec_hash": "sha256:5936909a94d354560dcdcdf03bd39160ad416fb709884e60c8cbc6853894c611"
    },
    "ext:memcached:3.4.0:8.5:linux:x86_64:nts": {
      "digest": "sha256:770615084b170d4df23f1e508718fd0e635b80d6f8e019371ea2e47d053ab617",
      "spec_hash": "sha256:aaa5b7888abfa90ff64fdbb48b1ad1046d678c2ab13afdb4ea96a1c8dbfa439a"
    },
    "ext:mongodb:2.2.1:8.1:linux:aarch64:nts": {
      "digest": "sha256:8cff25bae37d4ef87e5036c79ca0945f5a52e209a446035a7f968e4918461f3f",
      "spec_hash": "sha256:20670fe34aacf42b012063ba7ba1c6b20087c0a9a8e351796e15f7a8d24afa21"
    },
    "ext:mongodb:2.2.1:8.1:linux:x86_64:nts": {
      "digest": "sha256:78d92097b582b8de2eac3ccd778dd7d5874071c36cb92e13d3db1e9ab977511a",
      "spec_hash": "sha256:f1a181eaf2e42d3a22d8011870966220d1c4b393c9d8834be15fb0fe04e6cea1"
    },
    "ext:mongodb:2.2.1:8.2:linux:aarch64:nts": {
      "digest": "sha256:a7f5832f3f7a32512eade05538e70a567c4ffa858b4ae33edfb5feef5d986d9b",
      "spec_hash": "sha256:dabd67220dc2302224897e10b27e9eb4ab53a939a20dab0089788eb1525c7207"
    },
    "ext:mongodb:2.2.1:8.2:linux:x86_64:nts": {
      "digest": "sha256:746abc3762d369df52bbca19f0731a037e5789b37100646b859bd283519cbb92",
      "spec_hash": "sha256:5fbd278989dd25dd4e2b98c90e2b57422bc101765ac1efa0fd14338844fb09f9"
    },
    "ext:mongodb:2.2.1:8.3:linux:aarch64:nts": {
      "digest": "sha256:a41d070c29ed473428e491baaa8cc7d1ce5abb42ab96eafbffca33337a5abd0e",
      "spec_hash": "sha256:6a05b74fbd5c9fe9550d925ee81687f210e77271924de24575ada35555904149"
    },
    "ext:mongodb:2.2.1:8.3:linux:x86_64:nts": {
      "digest": "sha256:0b1bcbc2e1755892fd3e66558e30335206f7efde90381e1c6c03079667790f36",
      "spec_hash": "sha256:05bc1af432d377d0dd69f311e0e039a8320f29375782fa1069df82a850432428"
    },
    "ext:mongodb:2.2.1:8.4:linux:aarch64:nts": {
      "digest": "sha256:1f8e8b6a290f1a58a51f394945ab712a2ebc2be9763c6fa812f73d4d7841c747",
      "spec_hash": "sha256:325f60425a129289677f0d788b7781860d684afb48147cb18a2d75753b929144"
    },
    "ext:mongodb:2.2.1:8.4:linux:x86_64:nts": {
      "digest": "sha256:00b2178d11fe5b94aea876192260b2fae2560ad331716b73fd0581566e9dac92",
      "spec_hash": "sha256:6093357005a2433aac5f53f96b7a34fe5da9fd396a32cd9f3dc85daaf7a47b7e"
    },
    "ext:mongodb:2.2.1:8.5:linux:aarch64:nts": {
      "digest": "sha256:fc9ca62b8c67713c24111b025d2abb5c943431fbf475de67281e6c906da31cef",
      "spec_hash": "sha256:b9bc2523a0e0cf552cc13a85786882d7f46aead70044b5da653631ed7654d256"
    },
    "ext:mongodb:2.2.1:8.5:linux:x86_64:nts": {
      "digest": "sha256:e98be78f38263477ba289981b496c53bba513910561e3d425373bf98910c8019",
      "spec_hash": "sha256:23f9da899efbdecfc4ec584a110c4ca6063a3622ab8152d57ebe939c777d8741"
    },
    "ext:msgpack:3.0.0:8.1:linux:aarch64:nts": {
      "digest": "sha256:8d4a989b3d5336d9ccb71bb379675b8a1d8229d2ee9ac08493612352e6a875f1",
      "spec_hash": "sha256:0bc29d1a2d5c9899fcb7650d1dc8f52ce85e5e11602b87932f235f5a777dd18e"
    },
    "ext:msgpack:3.0.0:8.1:linux:x86_64:nts": {
      "digest": "sha256:cc293ca0b332371f29984ca561bb318a6f23341e41cc490effb33b7049470778",
      "spec_hash": "sha256:c4d5a581314f38b376f9b88b2ee2eaeb059f9ea677ed303a4ded785470015200"
    },
    "ext:msgpack:3.0.0:8.2:linux:aarch64:nts": {
      "digest": "sha256:89e588fd71ac0117abb71b435991cbeea7d70d89077527256f90b43d34271efc",
      "spec_hash": "sha256:84256f6ee6b83673fe33132f4552d9d7a267e3d638e9a27ef5530d6ca5a406b9"
    },
    "ext:msgpack:3.0.0:8.2:linux:x86_64:nts": {
      "digest": "sha256:ba3c7f8e25c15f011847c50fca64a8cb57f6fae42e3528eee0dde60800756046",
      "spec_hash": "sha256:9d57d28a0965781318272884dbdfa60fe1c77f9880d2238154535eafa49bb1c3"
    },
    "ext:msgpack:3.0.0:8.3:linux:aarch64:nts": {
      "digest": "sha256:d6ef0d1ed7fe84d6214b1c08272464cebc3b63ea1073a902119dae982e84fafd",
      "spec_hash": "sha256:3bc6e67d37f0b43916fece71db83d3414099b44825de87fd2206336357b1ea82"
    },
    "ext:msgpack:3.0.0:8.3:linux:x86_64:nts": {
      "digest": "sha256:dc6cc3f088d8201041935c83adacdb57c6cfe7118dda89aac64289b099dc8986",
      "spec_hash": "sha256:3492cd86afd836a3adab8bc2d654d12244b18584c8eab422986035cf2baf9401"
    },
    "ext:msgpack:3.0.0:8.4:linux:aarch64:nts": {
      "digest": "sha256:13222ec028b4313857a581c4b627ad3f55a25ec2d5c80aa3e57c986bac3aab7e",
      "spec_hash": "sha256:52b6db638f8aecb98bb70dabb7b6d8b11c3c1c60bbf4804e91faafb610b7d92e"
    },
    "ext:msgpack:3.0.0:8.4:linux:x86_64:nts": {
      "digest": "sha256:44ca30d8976ff68c5268c824be5fbebbda8915fd96d785a77ccd23c0fa4e129d",
      "spec_hash": "sha256:63e9325145bd33fb41dcc6f07aafe10a71f9ebd2ec6a80b1753a24c26b608783"
    },
    "ext:msgpack:3.0.0:8.5:linux:aarch64:nts": {
      "digest": "sha256:cb56217cc75c4ad7a66de27aa86c5664ff9dd55105dc3118adf1206c65642a94",
      "spec_hash": "sha256:083da4c03dfd4ae893ee1e704cc60aa0afae86feec825db6895a943f2d46ca31"
    },
    "ext:msgpack:3.0.0:8.5:linux:x86_64:nts": {
      "digest": "sha256:fe7dcda64925016cf138cf21607d3952393bf8694d36e9666c52a26b53be0bd5",
      "spec_hash": "sha256:9acd325c71142dae3dabd1d3f983cce80a3ce6354b6ea82b0a921092bbe4b959"
    },
    "ext:pcov:1.0.12:8.1:linux:aarch64:nts": {
      "digest": "sha256:dfff29538696bcbf829bd1e6b8cd5b15b907a3ab315b9078f3ddb3f23fec60a2",
      "spec_hash": "sha256:d2f86f82e1862df0579d5cbde950f93929452e5b7bb0c6248f5c5c608a36384a"
    },
    "ext:pcov:1.0.12:8.1:linux:x86_64:nts": {
      "digest": "sha256:c4ea57a104a1f0738841a6191b00c8160c06d16b70c45bae38004d2a399ee430",
      "spec_hash": "sha256:490be3a01728c4f04d0be2fafc90c60b05f25160ac9d62de72da083335a4e4f1"
    },
    "ext:pcov:1.0.12:8.2:linux:aarch64:nts": {
      "digest": "sha256:f0eeb739df0b32b77eb5050cfe93a9da9e96472689696a9dedcbc2bb08e662a9",
      "spec_hash": "sha256:5a070f164583d5b6413242dd50c68a21343d7a808c009aad1d680457b71bdc9e"
    },
    "ext:pcov:1.0.12:8.2:linux:x86_64:nts": {
      "digest": "sha256:6ba5385a72b209358e6e784e6acae596f248352d9c7c3aa82a905410d70c4142",
      "spec_hash": "sha256:6c5e380da5faeb339f5be87f6bce6bf8526f37dfd68b40bea9ccb17b9daf735f"
    },
    "ext:pcov:1.0.12:8.3:linux:aarch64:nts": {
      "digest": "sha256:d4cb61d7d30f0f320e202c2894264932c304d9ce5a1cbac3b1fb0a1cda396403",
      "spec_hash": "sha256:30899e7bd45f1cdbf7c12e9111d56fe212b04da1c325861d5b8346511f8a7d9a"
    },
    "ext:pcov:1.0.12:8.3:linux:x86_64:nts": {
      "digest": "sha256:bb86f2c941ef3dfaefe6b4703d8f66731e1e6e9bbabd67f275289147a04eff02",
      "spec_hash": "sha256:2b4bfd31dd5429f40791417d82bb6aa0bc2ab2f160643fa8aaa7bae692e75f0e"
    },
    "ext:pcov:1.0.12:8.4:linux:aarch64:nts": {
      "digest": "sha256:366887092b1da34b4ee270988b86b29c51263a668f3570966f253efa45f6e452",
      "spec_hash": "sha256:5bbeec8bc270839ef2599a327e0465120452b7505aa7b75fce89ac81c475b51b"
    },
    "ext:pcov:1.0.12:8.4:linux:x86_64:nts": {
      "digest": "sha256:851c8496c00fefe7e48ff19126be6ec7e521e7ea6e0e5d021352bd99cbbcb997",
      "spec_hash": "sha256:9e0b42cf037abf2ee0d7b2b6d1f4aad024f8dd4f61873cd75ef0bc41dbb2e036"
    },
    "ext:pcov:1.0.12:8.5:linux:aarch64:nts": {
      "digest": "sha256:09d1b12c438bf0231cbf5ac4455e12edc770083369dc3e22ff7bf43b510ac402",
      "spec_hash": "sha256:3b9fa4356200473077c94e05afb19aa93b353546691689179c54d991dc066ee3"
    },
    "ext:pcov:1.0.12:8.5:linux:x86_64:nts": {
      "digest": "sha256:22e7e4fb4f746f9610c60300cbcf9b92cf8cb83e0c04891140c94d48a762fa8e",
      "spec_hash": "sha256:7e46f148be6a6af844dca484af9c20f7b25190356801befc5a483a02209a073d"
    },
    "ext:protobuf:5.34.1:8.2:linux:aarch64:nts": {
      "digest": "sha256:cebd155cdd42cbc93384467f60961bffbe9dfd0665bda02e71e05d0f17f1c376",
      "spec_hash": "sha256:1dfa4e1e3199c08e4449d1204673e4d0296beada82aedd0f9b64f0106601ecec"
    },
    "ext:protobuf:5.34.1:8.2:linux:x86_64:nts": {
      "digest": "sha256:b456973cea07b49c15665d7c0c85a3cdf4742243d0093a5572fb69a27971d6c5",
      "spec_hash": "sha256:4443d77846849353487579a4f6d33ce8cae44df65f486a1717fe9ad344acecd3"
    },
    "ext:protobuf:5.34.1:8.3:linux:aarch64:nts": {
      "digest": "sha256:2cb99f3504b8eb03d107e884484f857f8d6469b1f5d961fe45063a5fae92fa65",
      "spec_hash": "sha256:ced2813d7c68b2371604f954026082f5f2a7c879b90f51988d3bb93d68615f87"
    },
    "ext:protobuf:5.34.1:8.3:linux:x86_64:nts": {
      "digest": "sha256:40be25330bbfe1dca7135793f9d471443c237d89030cc2a97381c51b2b0a8852",
      "spec_hash": "sha256:10b8f13e36b2c5e2fcbbc08de97a489e4ec49dcc386974fbe45e330e401aea2a"
    },
    "ext:protobuf:5.34.1:8.4:linux:aarch64:nts": {
      "digest": "sha256:df5874250df46c031db43ad4ee31cd298232e6aeaf7ef30209601c875e49d354",
      "spec_hash": "sha256:e96baa3b9af0b7f1988c8a71c711a4de7a08b4a062abeaad074de9c73a9ce905"
    },
    "ext:protobuf:5.34.1:8.4:linux:x86_64:nts": {
      "digest": "sha256:65bb7a69ca8c7da3918385ba8a927644bb2c73418ce5550413db761736fd3670",
      "spec_hash": "sha256:94f154ea6085872c5f76a84cdefbc91c928abd6b47b98cfc1e19f75a07124369"
    },
    "ext:protobuf:5.34.1:8.5:linux:aarch64:nts": {
      "digest": "sha256:d7b442550f7f86f08777b3a8d734c3dd6b661f1800c9b75fcca9430803eda75c",
      "spec_hash": "sha256:10b4115cbe7ad2c5674e921d1814e719e9e805123f17e31dbfc21177a119af81"
    },
    "ext:protobuf:5.34.1:8.5:linux:x86_64:nts": {
      "digest": "sha256:f271a0ac7d0212a469cc22e7d809ca0def65b10d274cc8acaeedbebf9b1176f5",
      "spec_hash": "sha256:be7121e60f17e177f951cba97aab8427c85dbf9c1e44edec21fead0d0be07303"
    },
    "ext:rdkafka:6.0.5:8.1:linux:aarch64:nts": {
      "digest": "sha256:612d6283eaa0df30f57c2c64237bcd84dda3fc1a74a53e02c91ff6bc697ef486",
      "spec_hash": "sha256:815aaae7adeecad0cb240832da054b09db36397cce5156afeee6e565c0bc68ce"
    },
    "ext:rdkafka:6.0.5:8.1:linux:x86_64:nts": {
      "digest": "sha256:4697fec383e7f0b68b2bfd182115ae37a2be683492eac0f5f73ac09c36f68441",
      "spec_hash": "sha256:0e61757bccc303d84eadaa87d6b7f4708f35fb4e197388da892843083162cc71"
    },
    "ext:rdkafka:6.0.5:8.2:linux:aarch64:nts": {
      "digest": "sha256:67b166955f940124330bcc3c9e61af59cd6b6edac038505a581901ec91fdb6aa",
      "spec_hash": "sha256:c3568989cc92c488c26a921fa946b411fd1c5ebca74d1a69f7aedc28ff4f32f4"
    },
    "ext:rdkafka:6.0.5:8.2:linux:x86_64:nts": {
      "digest": "sha256:9355226ac9f85d98d1793fbd2f46d280b0e46cf3c7e02fb7fb047b04881598a4",
      "spec_hash": "sha256:8aaca3989430ad4a228a3449a25178ca71f9537acae9d2b141c2b7fe2a23ea31"
    },
    "ext:rdkafka:6.0.5:8.3:linux:aarch64:nts": {
      "digest": "sha256:5b9cdc9d709136cc04eab16319064a5b70f4c1e1ab1bb853f201df04e0bca769",
      "spec_hash": "sha256:e1fb4d7e664b9f597284ac4fe71d82a8eb87cc3e112e889b1f53b98d761b4ba9"
    },
    "ext:rdkafka:6.0.5:8.3:linux:x86_64:nts": {
      "digest": "sha256:cf43675c9ca8030be8af6ed222a7d0e20f194b77b753b3f8c28ac3d34e66f120",
      "spec_hash": "sha256:a785625b1c9311de1b5b3422f547212b33d7c671ed4d4b3b5f4f934c398da303"
    },
    "ext:rdkafka:6.0.5:8.4:linux:aarch64:nts": {
      "digest": "sha256:734d7f2a008f459e516a11d7b90789715c59d350f7d9e0dd2454d032f268c756",
      "spec_hash": "sha256:4da0ebed358c6ea332441cc53afea7d6b7c14801a0c5d3cff660fbcc7870df21"
    },
    "ext:rdkafka:6.0.5:8.4:linux:x86_64:nts": {
      "digest": "sha256:37d135fab786e0240c5a456ed9cfc5d3b6b1eca6ecd4dcf60aceac245a1f7ca3",
      "spec_hash": "sha256:0c7803b9fe9b4ea69137ff44ed7f2012926f1c8b8a019eb3c8dbb6585e6f2929"
    },
    "ext:rdkafka:6.0.5:8.5:linux:aarch64:nts": {
      "digest": "sha256:50d025de62a19034567f3b9179d47e543be74601a6c49d0e5926147ed6554f15",
      "spec_hash": "sha256:adcb28340392e00b55b28a0e59b1d7600fbaaded2f7523b5797a96a6f60602ae"
    },
    "ext:rdkafka:6.0.5:8.5:linux:x86_64:nts": {
      "digest": "sha256:0ed342a12e02ed3a974ef322f2572253e663a242be99ffcc7263ef3a83f406c0",
      "spec_hash": "sha256:36c4ffd831c832e65fdb5a7333287d12c63f527d431c675b7a9ead44339b3715"
    },
    "ext:redis:6.2.0:8.1:linux:aarch64:nts": {
      "digest": "sha256:07a110ded9a735f2b64b5e96451d9409c00fbcb6ff132452af15391303f4764c",
      "spec_hash": "sha256:bd92741624388eb8a988e44be0fcab8ab2575866acc370bf00d76f502c3196e8"
    },
    "ext:redis:6.2.0:8.1:linux:x86_64:nts": {
      "digest": "sha256:77d77018370f0a0df90a6b08a42af8de546ac490abdfbb82c869bf9032e6b00e",
      "spec_hash": "sha256:7dc3c994f47b2ce376e79183646a72651fbfcebadc20e53eab3d88230a8dbf95"
    },
    "ext:redis:6.2.0:8.2:linux:aarch64:nts": {
      "digest": "sha256:1e45d0519e6849359bfb587902c7baf08ce2c116c0a6641aa68d514b5e9322c5",
      "spec_hash": "sha256:fc0a27505dde6596818e5c76cc823b428cf29656f228651f00d2e46c8de82e10"
    },
    "ext:redis:6.2.0:8.2:linux:x86_64:nts": {
      "digest": "sha256:56b7576ae37d46ad142b3d2b14fd3cabd8822d905a81ce01e73c31d0f841ea8a",
      "spec_hash": "sha256:c4b3eaa12f2c56931e393182548bc0492e76ef10f66cb5c5a50cab3ee47735f4"
    },
    "ext:redis:6.2.0:8.3:linux:aarch64:nts": {
      "digest": "sha256:59c785f4cf3550767459318c77138fbd66467f24be7ab723e129fdc0d4bc2b79",
      "spec_hash": "sha256:0448f97ba224d5c476101061cedb8584940e09720d30e0c8512497eb8e92d73d"
    },
    "ext:redis:6.2.0:8.3:linux:x86_64:nts": {
      "digest": "sha256:4539dd4054505d5e3ea5c1d0d53a055cbb75891eed4f3a98a18cd59c5645d71d",
      "spec_hash": "sha256:070b478bc06a8c7611a79fcfb251f486d3e7cb38aa2fc5b37c86c017e93dd137"
    },
    "ext:redis:6.2.0:8.4:linux:aarch64:nts": {
      "digest": "sha256:303c54357e719c063b5d77331b3b7f131ad30df1ee635a693996f5a225b82511",
      "spec_hash": "sha256:2af72aa372df5a820f706836aca96f0d997cb10d49cc530ed7dd467a289e7fe6"
    },
    "ext:redis:6.2.0:8.4:linux:x86_64:nts": {
      "digest": "sha256:dd7c88119480675b766fa03a7ea0c57f52169453677f4b61714cd13ca50c5a01",
      "spec_hash": "sha256:15a1a844e8adbece1473d43f50261c4ffae16b896cd0168a4f4d1a2a9673642d"
    },
    "ext:ssh2:1.5.0:8.1:linux:aarch64:nts": {
      "digest": "sha256:055b21b6dc34e5ec7a14085dc8602e14bc15ec70b61f824a6bc4e14fa9cd5964",
      "spec_hash": "sha256:c88868ff19cb444a3ecea154d2ed690aa688d2bbf8b42f7d5e41348356675c79"
    },
    "ext:ssh2:1.5.0:8.1:linux:x86_64:nts": {
      "digest": "sha256:8359ed5580ab4275f6d0915efea0a4a31146f005702457851a391f72dab3b782",
      "spec_hash": "sha256:8b14805c6a739af4336f6addba188ff7086be35785f19c1ffe37e65925da3daa"
    },
    "ext:ssh2:1.5.0:8.2:linux:aarch64:nts": {
      "digest": "sha256:675b2e8969c1abdd3c408eb3e37e7637729f54f5098e3404671a76620959dd88",
      "spec_hash": "sha256:f6fc53e093baef430f610270ed81e5c0b4ef72ba623ea1edd6f25d4be13bbe63"
    },
    "ext:ssh2:1.5.0:8.2:linux:x86_64:nts": {
      "digest": "sha256:c142fdb2ec19c636cd624824ac56bec16acc8dc86ee80995fa6488d6ad94db25",
      "spec_hash": "sha256:7c74bdce7f2ba2776be1cda4b76e7772591f0471d94e67482ebbf52b8f6c81af"
    },
    "ext:ssh2:1.5.0:8.3:linux:aarch64:nts": {
      "digest": "sha256:034a7e74d4abeba4b69cc9c901c63e055065c4306eeae296e92c46c6cbfc7599",
      "spec_hash": "sha256:5e3d1895d2a7dc2a90cc652d9e29029ae56ca5ad5a826f6aa108af611b5a1ef7"
    },
    "ext:ssh2:1.5.0:8.3:linux:x86_64:nts": {
      "digest": "sha256:0a8941671b02ad8fdb34c43e1f98c5ece90d7dd58d79becf7a8e6dde7eca388b",
      "spec_hash": "sha256:e96c12b2ee5b134c94a9a9eca56f3640b93dc3c86864183f9f7a6ca3b967e8b1"
    },
    "ext:ssh2:1.5.0:8.4:linux:aarch64:nts": {
      "digest": "sha256:f97fcc40c9262cdd0797725f9821771e7d57886d20fe2b24465715227e078931",
      "spec_hash": "sha256:4c68d9fdd8a7c106b4fe64ff7424de6e3cddd5450e1d1aca28f4fb35c6fbe07f"
    },
    "ext:ssh2:1.5.0:8.4:linux:x86_64:nts": {
      "digest": "sha256:2407b0adf57bb067f0b14b108d109046c84c61a961b28cbb5e50a5bf1142a99a",
      "spec_hash": "sha256:f006516d080ed5f24a667deeefafdd87671c63c0799a7553ec489d883ca48522"
    },
    "ext:ssh2:1.5.0:8.5:linux:aarch64:nts": {
      "digest": "sha256:bfcde462e4478387c2672d34a1c832ace8344219ad2c1a769ef8353ee69d448c",
      "spec_hash": "sha256:b42d77ce08bc72532af2073b06fd2e62281922962ea69246ea47de2c413f1a10"
    },
    "ext:ssh2:1.5.0:8.5:linux:x86_64:nts": {
      "digest": "sha256:74305a8bba68b8c032cfa869a2aa69df81202646e6b086772eda3ed9492975a8",
      "spec_hash": "sha256:04a47e0281f458d274c3dbbcb7832e45e22f97cdc7c5d79dafcbb3901a4e78ef"
    },
    "ext:swoole:6.2.0:8.2:linux:aarch64:nts": {
      "digest": "sha256:a1b27c4d55a40a70d6b1effe02c8e6037f9edd106e9466148f0bed1eca2b2412",
      "spec_hash": "sha256:086a095f26875b8e4b4890d3c7389b553fca2199b8672c90540769ddc8cdb2c0"
    },
    "ext:swoole:6.2.0:8.2:linux:x86_64:nts": {
      "digest": "sha256:a2e189d1c7b86d7068a95e252eab168cc0d4ac8b7890c39bb6aeddde49375b02",
      "spec_hash": "sha256:e31e90abea9bf55288bc0d0c2267779cd7cf89a295ab7a8e3440058db1c2d3f5"
    },
    "ext:swoole:6.2.0:8.3:linux:aarch64:nts": {
      "digest": "sha256:20c5c52375294ebdabb77a2170411715b12f2e319ef096c979fa5b9b777ef5c9",
      "spec_hash": "sha256:d217c85ad4cd24a8b330bc8ac82dcee02fed5721c19dddfe105d3fbcb066f961"
    },
    "ext:swoole:6.2.0:8.3:linux:x86_64:nts": {
      "digest": "sha256:7fcd6f481276f928cf83b148ff303465c78a4f1a451e9aff746c21563b311cc1",
      "spec_hash": "sha256:07b47102ca04242e0718c910f33410ad5ab15853724b7aa7012c65a64d2171bb"
    },
    "ext:swoole:6.2.0:8.4:linux:aarch64:nts": {
      "digest": "sha256:ee65063dec7efaeb7e5f098d99b4e7c33a14fc9a855cf5559c61db4c630b9f9a",
      "spec_hash": "sha256:9a6e18d133644b2f653465b7f2c4af17cc4872f85a3f67417d35176cb3ecbdd6"
    },
    "ext:swoole:6.2.0:8.4:linux:x86_64:nts": {
      "digest": "sha256:5e7a8125c3a9883ad8d90a6a6814f4a59481ce242f06892d8465331b7a9b0f98",
      "spec_hash": "sha256:99b6b8f9c4c5ad06e8ac3b727647e5b1b836954e8a693bf23b68d53ba0fc62c8"
    },
    "ext:swoole:6.2.0:8.5:linux:aarch64:nts": {
      "digest": "sha256:b8b9135c5fc6683786c87418217111487c33dfbc69337109f8f59df24a39684a",
      "spec_hash": "sha256:33cfc9f0e0e786261ee310db4ce8fa4585c28e464145def754b489239eb5b85a"
    },
    "ext:swoole:6.2.0:8.5:linux:x86_64:nts": {
      "digest": "sha256:fb4fc1bcfdbfda15ddd000ac9c38e2b911f535ebc19c5f0c6c06111fc972ceb1",
      "spec_hash": "sha256:57b6244bf167c8d860ecd5d79a4e5372d33d66f0fcef200b257b47195789021f"
    },
    "ext:uuid:1.3.0:8.1:linux:aarch64:nts": {
      "digest": "sha256:a0fb089e558bc25bd36e265c11cd25f374617d343f9626d650af2187eb7b5a23",
      "spec_hash": "sha256:5624c4fb8eb9d2b884ebe62372d4b32a9855198df1eb52a06e6d96ef3740e43c"
    },
    "ext:uuid:1.3.0:8.1:linux:x86_64:nts": {
      "digest": "sha256:04a39df671649721f412380663ebb2a1b54a9e7ed0e1aa152144aa4e2787cfa0",
      "spec_hash": "sha256:784e73ce12a1bb899bc57b3a55d68e5db70708f92021a9909ffa241cd770140f"
    },
    "ext:uuid:1.3.0:8.2:linux:aarch64:nts": {
      "digest": "sha256:bfe5783b215d702e3512ecedbd277ad81cb4267b3f858a166ebc0342da174e42",
      "spec_hash": "sha256:743d4505fe42069a71ddbba4ff7b1df4e21a6ec841c92076175f7f7398137989"
    },
    "ext:uuid:1.3.0:8.2:linux:x86_64:nts": {
      "digest": "sha256:44aedbc46913be1235ec06e5805a7c2f9ec4fcd658a02fc6391cc5e4b04e5760",
      "spec_hash": "sha256:c04e24137edce0f329afbec2948f518a535a316a5806fcae9def88cbfd96125d"
    },
    "ext:uuid:1.3.0:8.3:linux:aarch64:nts": {
      "digest": "sha256:bd71b557eb9b199a6284aac953491771ed117a040181af75360a40aad9f022c6",
      "spec_hash": "sha256:9d5e00f050ebdc2aec324a2683cf7f84c536ad15942a3b5d610013ef48051568"
    },
    "ext:uuid:1.3.0:8.3:linux:x86_64:nts": {
      "digest": "sha256:fdd884bbda1a6122db023bf6e06ad8cccc2e684d2b6a0b2a3c3ecb9e012fedc4",
      "spec_hash": "sha256:e255d2307b98fdf4b976089bb5f18dd540db65da7f46bed153ded621262f7d93"
    },
    "ext:uuid:1.3.0:8.4:linux:aarch64:nts": {
      "digest": "sha256:c25f0f5c5a6b7e1182fe9a06c4e137aaeca14914ebe4e5f0f1b5992792424d92",
      "spec_hash": "sha256:b76f8702c932660ad69eb1e87ba799ad407a4b483893c1165c6e955a21b2752b"
    },
    "ext:uuid:1.3.0:8.4:linux:x86_64:nts": {
      "digest": "sha256:a771a11a120df9cb7ebde6b0a35bd76d7c61c8ef515ad4deba0cf7b942d48dd3",
      "spec_hash": "sha256:fa68a8c5f6b37ff068e4ef12d94347d8bfd69cb1d196baf874a6e151496831f6"
    },
    "ext:uuid:1.3.0:8.5:linux:aarch64:nts": {
      "digest": "sha256:a3dd208b5854cec0a172cc6f21ccaeb17594683083ef155c9f7663f56d90d540",
      "spec_hash": "sha256:5855b01506e0e6be407b6992f600ef6318f18e3974097c8fd2afcbce464d57ff"
    },
    "ext:uuid:1.3.0:8.5:linux:x86_64:nts": {
      "digest": "sha256:92733f7962e142c52b1ff5db18fd4fbb78bbe41e551ca22bec82cdc60d7841e6",
      "spec_hash": "sha256:f13ae220c812fb4029654745762fe2ab4b02d5d25e0528d079189a7fd171d8ee"
    },
    "ext:xdebug:3.5.1:8.1:linux:aarch64:nts": {
      "digest": "sha256:558bef65665d2546414d71b91ed5987bf012b200f075ccfe7f514a42c0758fab",
      "spec_hash": "sha256:bd5e68f8cb1562657184e42f2bd44872b4bc95747046a4e3dae8f5f1c3f76398"
    },
    "ext:xdebug:3.5.1:8.1:linux:x86_64:nts": {
      "digest": "sha256:15f350fee7ce9c28a5c36099b50062c45e4524ca803800a075c22c7e77c39f89",
      "spec_hash": "sha256:70faacd9e8b9a7a724adea7cd0305c65ba86b5952cc845053737d188fd88557b"
    },
    "ext:xdebug:3.5.1:8.2:linux:aarch64:nts": {
      "digest": "sha256:539cb3ee21e6936769e25cb882483a6390fccd67f8bc32a29e7d3d70674330f1",
      "spec_hash": "sha256:ac9a1d3490b883e346c29487b9d7e7f9d6dc10158e64f2cb35f78d74d4a9b923"
    },
    "ext:xdebug:3.5.1:8.2:linux:x86_64:nts": {
      "digest": "sha256:3f3fc2465503ffdbe5c421918373e0ad5d481968023dbdec9be003d089b38587",
      "spec_hash": "sha256:eff2eee49077a17335a9b64763a34c827399f00805cceb509419dd0b82bc702b"
    },
    "ext:xdebug:3.5.1:8.3:linux:aarch64:nts": {
      "digest": "sha256:621e87409644685aab1b8bdbec43ed3af34d214d3a079c323de536580fdef47a",
      "spec_hash": "sha256:50b53ff5354993f2f1dccfb3d849f4c57a952f47d9a6561c9b49cc5bb59678a8"
    },
    "ext:xdebug:3.5.1:8.3:linux:x86_64:nts": {
      "digest": "sha256:2d9aba65d3b08c8f1985dcfdbd681689045cc0867ebeeb001281b2e650e71ecd",
      "spec_hash": "sha256:610d553753992eae28082458680f34e54c279ff09c493fcc0ea6378326ca75e9"
    },
    "ext:xdebug:3.5.1:8.4:linux:aarch64:nts": {
      "digest": "sha256:b7887b8250c86f5d4c9ada4bc59d0373579954fbc09df8a4baf2c2fc7e3044a7",
      "spec_hash": "sha256:45f8509cc273b140352b04d4ec51a9bea6cf7775d40046789c3e480984721ffa"
    },
    "ext:xdebug:3.5.1:8.4:linux:x86_64:nts": {
      "digest": "sha256:c0c824be43b0f2613ab2b52e084d6adcf32e06e5023df3c4b0debe140bb19feb",
      "spec_hash": "sha256:863c9a522e6a28481251d6c7d8b736e160318ab5641aabb86f97d0a1562d10ac"
    },
    "ext:xdebug:3.5.1:8.5:linux:aarch64:nts": {
      "digest": "sha256:37560d12491f364c2dcbfa850cf9946fd8337b5fcf540753ff8c4b7475e6dbf6",
      "spec_hash": "sha256:80935e09f9ca5ecafafeced0b89b5d64e4253f5a1d63397642c597b25c33e45b"
    },
    "ext:xdebug:3.5.1:8.5:linux:x86_64:nts": {
      "digest": "sha256:eaa243f9983c55c09b294f8777c5c39d96bdfd16a1a306c6a613c2beb3f149ee",
      "spec_hash": "sha256:116298521cbe9ff9e490d758d4724c3b702f3cda5ffcb784d8b394a421644e96"
    },
    "ext:yaml:2.3.0:8.1:linux:aarch64:nts": {
      "digest": "sha256:8abbf908f5c729fc12cecf8a45abf12fb74cda2aa0c2a721ac741d9abf6ca9ea",
      "spec_hash": "sha256:932ca7e614d0f0df6d66e7f98256cbde694f0d1692282c522edcec02addd7d7e"
    },
    "ext:yaml:2.3.0:8.1:linux:x86_64:nts": {
      "digest": "sha256:0a4f770a1849b00e437cbee5b372528d84400cfd8e6418ed2207b6c6588c7f1a",
      "spec_hash": "sha256:700d51f76b50126648533a80dac51475f5322ed31277eb14996eb1b97b24c9b4"
    },
    "ext:yaml:2.3.0:8.2:linux:aarch64:nts": {
      "digest": "sha256:a837ad8045bbc1838a2890a2a66b1d13e11891076c17f41de65519e324ebb1b0",
      "spec_hash": "sha256:86bee4feb2e925d216c8c4341a0b3e32a221387970dc2f929787c9df88a7af98"
    },
    "ext:yaml:2.3.0:8.2:linux:x86_64:nts": {
      "digest": "sha256:4259ca2f185230f26438b5b83b60b1cc70b39f853db20ca970034352df65cb92",
      "spec_hash": "sha256:527c36c40188b0a718a86c9d2d5b7df57cfca2bb2e6ade8332b2da13d63081cc"
    },
    "ext:yaml:2.3.0:8.3:linux:aarch64:nts": {
      "digest": "sha256:bf25e8bb8088ac2de97b1eade35fde717ee25aed0186681491286646f13369f3",
      "spec_hash": "sha256:9955e042c978b126157403d1256d1fa30fac20c2406c5fd2ca4c4183e457f2bd"
    },
    "ext:yaml:2.3.0:8.3:linux:x86_64:nts": {
      "digest": "sha256:51351671366fe076ed46767c524a8f9230678ee99f973b51f34ec88379bf84cc",
      "spec_hash": "sha256:03db0c2297555732ed166aab38a6eb0d30531b5d2f065ca471700d24f6ed694a"
    },
    "ext:yaml:2.3.0:8.4:linux:aarch64:nts": {
      "digest": "sha256:9a86a76b52ca482ba76b05d630ff0dba22da56731c4501f73f945ed77d31f58e",
      "spec_hash": "sha256:605261b8de019fa2ee2ecdda641f94e2d86dbe558fd5c67836b2d15c74af442c"
    },
    "ext:yaml:2.3.0:8.4:linux:x86_64:nts": {
      "digest": "sha256:8def681e3a4ab4257f4458d1b8330e142368e6e2dbffcf62edb0e6e34de38aa3",
      "spec_hash": "sha256:b3a2f9d805299c53f657f85ef90843b17d364bf2e44174090aed677fb328bd41"
    },
    "ext:yaml:2.3.0:8.5:linux:aarch64:nts": {
      "digest": "sha256:68b16aa8751967c7ab9764502c63754c9f0675f94877b5bc432e8de25fd066b0",
      "spec_hash": "sha256:785c6338eedbc3fbb8dbb2b9ff0cf9713f11f3ee68b512c843b46c0c181798a8"
    },
    "ext:yaml:2.3.0:8.5:linux:x86_64:nts": {
      "digest": "sha256:56d9472d1b89b56d6938c627792ebb2f45f987fa74cf3bb70a04bf8e4464e6fc",
      "spec_hash": "sha256:323b4dbe33987bb49e50bab33d2bae18b082db8873a62d70af3ba76e604cc7d7"
    },
    "php:8.1:linux:aarch64:nts": {
      "digest": "sha256:3e46cffcfbe4ddc7386d192b006f67097c203ab196da10f00d0013ab583a2ea2",
      "spec_hash": "sha256:2eebe8c51f779b3af58c522b20338a1f8455cc811ecacaeadf9dfcae17f3d491"
    },
    "php:8.1:linux:x86_64:nts": {
      "digest": "sha256:3d5198f5b7bc3386c970466c2a669fddfa8ea1c87af5bab5031c238cb795f4f5",
      "spec_hash": "sha256:3848ff89e81c109de4b71a4f08261a00eb79d4cafaa441d086177f81776b3560"
    },
    "php:8.2:linux:aarch64:nts": {
      "digest": "sha256:b3c65cfb1e6cadae6de9f8151eab20c67c08bde9b89551eb37bc98c7aa7e2a5e",
      "spec_hash": "sha256:71a6d79578defd48bf59eeb63cb6f999344f168d9ceb5b1d76736c53df48b373"
    },
    "php:8.2:linux:x86_64:nts": {
      "digest": "sha256:481cfb9bcc771e04828f0d376f70bce492e8ed578d96e2365b56261d29152d67",
      "spec_hash": "sha256:f1cb8a5fee780929b007921a536748decb462108d0cecc594cf1c25833577d23"
    },
    "php:8.3:linux:aarch64:nts": {
      "digest": "sha256:e487aeaedbf22d3656d7408ddd7d9e69b6ae41cd2754795a907e150dd18f6739",
      "spec_hash": "sha256:2d2ffbd2aa327e3b89da5de7aa051fd7c761313a3d890656a577880522e65bcc"
    },
    "php:8.3:linux:x86_64:nts": {
      "digest": "sha256:ff9fde20f2897b2f6af5ac2b2937ea1ec9c65e31448fdc8b033631a801d604c6",
      "spec_hash": "sha256:6998e4aebe3c9ccb2f4e8de56b95eb55313ddfac61f0bc132597120110ecb961"
    },
    "php:8.4:linux:aarch64:nts": {
      "digest": "sha256:9ac3f4f50af900f609c895d7f9ec6e8e4f5f1f27f4925b43efb41917a4a997c3",
      "spec_hash": "sha256:0efc7dddbe7931314f7854c8947f2cd21902ef3889142c0d3aaf781478e22e83"
    },
    "php:8.4:linux:x86_64:nts": {
      "digest": "sha256:97194560de3b87b38990bc2cbd021e476115101a4e44969dacec906bfceb65dc",
      "spec_hash": "sha256:5ca03356e816a4583ee74322af87007010e771ead3bb8581d81324fa87024928"
    },
    "php:8.5:linux:aarch64:nts": {
      "digest": "sha256:51e7399248bccf1d8b4d1a6d28877ccf81cafc3014371058b6787d5327dcf788",
      "spec_hash": "sha256:01a4e13bb2243c6c4e31d5cae2412ccd4b57fce5e2a598f2c38d05a1d37ab311"
    },
    "php:8.5:linux:x86_64:nts": {
      "digest": "sha256:383add39cc0031838864fd45c18a48c77cacaff69e33e40287d9e55bf23ba85d",
      "spec_hash": "sha256:e45b65184fbf9afb1c751d1a0fc615f05d5d844c23432c38b6ae913e51d3e5eb"
    }
  }
}
